
Microsoft Visual Studio Solution File, Format Version 12.00
# Visual Studio Version 16
VisualStudioVersion = 16.0.29403.142
MinimumVisualStudioVersion = 10.0.40219.1
Project("{FAE04EC0-301F-11D3-BF4B-00C04F79EFBC}") = "WeatherSearch", "WeatherSearch.csproj", "{1DAE8A8C-A2D3-4D81-BFEB-DE0CBA89608B}"
EndProject
Project("{FAE04EC0-301F-11D3-BF4B-00C04F79EFBC}") = "MetaWeather.Client", "..\MetaWeather.Client\MetaWeather.Client.csproj", "{B1875388-77DC-4725-9D9B-F2361A05CBEB}"
EndProject
Global
	GlobalSection(SolutionConfigurationPlatforms) = preSolution
		Debug|Any CPU = Debug|Any CPU
		Release|Any CPU = Release|Any CPU
	EndGlobalSection
	GlobalSection(ProjectConfigurationPlatforms) = postSolution
		{1DAE8A8C-A2D3-4D81-BFEB-DE0CBA89608B}.Debug|Any CPU.ActiveCfg = Debug|Any CPU
		{1DAE8A8C-A2D3-4D81-BFEB-DE0CBA89608B}.Debug|Any CPU.Build.0 = Debug|Any CPU
		{1DAE8A8C-A2D3-4D81-BFEB-DE0CBA89608B}.Release|Any CPU.ActiveCfg = Release|Any CPU
		{1DAE8A8C-A2D3-4D81-BFEB-DE0CBA89608B}.Release|Any CPU.Build.0 = Release|Any CPU
		{B1875388-77DC-4725-9D9B-F2361A05CBEB}.Debug|Any CPU.ActiveCfg = Debug|Any CPU
		{B1875388-77DC-4725-9D9B-F2361A05CBEB}.Debug|Any CPU.Build.0 = Debug|Any CPU
		{B1875388-77DC-4725-9D9B-F2361A05CBEB}.Release|Any CPU.ActiveCfg = Release|Any CPU
		{B1875388-77DC-4725-9D9B-F2361A05CBEB}.Release|Any CPU.Build.0 = Release|Any CPU
	EndGlobalSection
	GlobalSection(SolutionProperties) = preSolution
		HideSolutionNode = FALSE
	EndGlobalSection
	GlobalSection(ExtensibilityGlobals) = postSolution
		SolutionGuid = {2752304B-C93D-4A5D-B1A9-5950FED7A4EB}
	EndGlobalSection
EndGlobal
