
Microsoft Visual Studio Solution File, Format Version 12.00
# Visual Studio Version 16
VisualStudioVersion = 16.0.29403.142
MinimumVisualStudioVersion = 10.0.40219.1
Project("{9A19103F-16F7-4668-BE54-9A1E7A4F7556}") = "MetaWeather.Client", "MetaWeather.Client\MetaWeather.Client.csproj", "{33D24F35-0891-41E1-B0CE-BD798809E619}"
EndProject
Project("{9A19103F-16F7-4668-BE54-9A1E7A4F7556}") = "Weather.Service", "Weather.Service\Weather.Service.csproj", "{3E48E702-FEF7-4BF0-821C-BA0378F543A8}"
EndProject
Project("{9A19103F-16F7-4668-BE54-9A1E7A4F7556}") = "WeatherSearch.Tests", "WeatherSearch.Tests\WeatherSearch.Tests.csproj", "{41CF59C5-7A72-4E75-B3E9-D657160DBE1D}"
EndProject
Project("{9A19103F-16F7-4668-BE54-9A1E7A4F7556}") = "WeatherSearch", "WeatherSearch\WeatherSearch.csproj", "{CC07241C-F17C-4CAB-9973-026B9044A540}"
EndProject
Global
	GlobalSection(SolutionConfigurationPlatforms) = preSolution
		Debug|Any CPU = Debug|Any CPU
		Release|Any CPU = Release|Any CPU
	EndGlobalSection
	GlobalSection(ProjectConfigurationPlatforms) = postSolution
		{33D24F35-0891-41E1-B0CE-BD798809E619}.Debug|Any CPU.ActiveCfg = Debug|Any CPU
		{33D24F35-0891-41E1-B0CE-BD798809E619}.Debug|Any CPU.Build.0 = Debug|Any CPU
		{33D24F35-0891-41E1-B0CE-BD798809E619}.Release|Any CPU.ActiveCfg = Release|Any CPU
		{33D24F35-0891-41E1-B0CE-BD798809E619}.Release|Any CPU.Build.0 = Release|Any CPU
		{3E48E702-FEF7-4BF0-821C-BA0378F543A8}.Debug|Any CPU.ActiveCfg = Debug|Any CPU
		{3E48E702-FEF7-4BF0-821C-BA0378F543A8}.Debug|Any CPU.Build.0 = Debug|Any CPU
		{3E48E702-FEF7-4BF0-821C-BA0378F543A8}.Release|Any CPU.ActiveCfg = Release|Any CPU
		{3E48E702-FEF7-4BF0-821C-BA0378F543A8}.Release|Any CPU.Build.0 = Release|Any CPU
		{41CF59C5-7A72-4E75-B3E9-D657160DBE1D}.Debug|Any CPU.ActiveCfg = Debug|Any CPU
		{41CF59C5-7A72-4E75-B3E9-D657160DBE1D}.Debug|Any CPU.Build.0 = Debug|Any CPU
		{41CF59C5-7A72-4E75-B3E9-D657160DBE1D}.Release|Any CPU.ActiveCfg = Release|Any CPU
		{41CF59C5-7A72-4E75-B3E9-D657160DBE1D}.Release|Any CPU.Build.0 = Release|Any CPU
		{CC07241C-F17C-4CAB-9973-026B9044A540}.Debug|Any CPU.ActiveCfg = Debug|Any CPU
		{CC07241C-F17C-4CAB-9973-026B9044A540}.Debug|Any CPU.Build.0 = Debug|Any CPU
		{CC07241C-F17C-4CAB-9973-026B9044A540}.Release|Any CPU.ActiveCfg = Release|Any CPU
		{CC07241C-F17C-4CAB-9973-026B9044A540}.Release|Any CPU.Build.0 = Release|Any CPU
	EndGlobalSection
	GlobalSection(SolutionProperties) = preSolution
		HideSolutionNode = FALSE
	EndGlobalSection
	GlobalSection(ExtensibilityGlobals) = postSolution
		SolutionGuid = {2752304B-C93D-4A5D-B1A9-5950FED7A4EB}
	EndGlobalSection
EndGlobal
